{
  "version": 4,
  "terraform_version": "1.2.2",
  "serial": 25,
  "lineage": "7c11f23a-9987-0bc3-adc3-a9aedb7d905f",
  "outputs": {},
  "resources": [
    {
      "mode": "data",
      "type": "digitalocean_ssh_key",
      "name": "jochem_berends_feb22",
      "provider": "provider[\"registry.terraform.io/digitalocean/digitalocean\"]",
      "instances": [
        {
          "schema_version": 0,
          "attributes": {
            "fingerprint": "b6:e6:d5:25:19:bf:d5:9a:e0:91:b5:10:f5:09:40:f9",
            "id": 33214328,
            "name": "jochem_berends_feb22",
            "public_key": "ssh-rsa AAAAB3NzaC1yc2EAAAADAQABAAABAQCvJANTKe6kxJgF7FHz7SEJWnPetfmsq5RvB85h7PchitgKdH3R8M8G3wPSmheffZhPjiHEA70RVWqBgH8+lqcQ9nZhyqhyFLIbxMXF28DOX88QOTIt7dWCftZW/nSFXzMGbo2c0aqrnkpVpHPq/+voLfDac26GYjVG2tt50UJranPlKqmYSmOnrRVMboMJQhywqM/2qTP2hpZPAZdc87oAFJt5C654rvy58UqdTEgL8I/M//XtpfjbNK2rq9atf3T1opRmmK9c6vrrrTYhCwwNAVWgCwI07IttprJvd4sjJNU6/3jApmz8iUMMock1KpIZUI3lqPheVsG/HSFjLRXb jochem.berends@ke-works.com"
          },
          "sensitive_attributes": []
        }
      ]
    },
    {
      "mode": "managed",
      "type": "digitalocean_droplet",
      "name": "web",
      "provider": "provider[\"registry.terraform.io/digitalocean/digitalocean\"]",
      "instances": [
        {
          "index_key": 0,
          "status": "tainted",
          "schema_version": 1,
          "attributes": {
            "backups": false,
            "created_at": "2022-06-24T13:49:51Z",
            "disk": 25,
            "droplet_agent": null,
            "graceful_shutdown": false,
            "id": "305665101",
            "image": "ubuntu-18-04-x64",
            "ipv4_address": "174.138.1.133",
            "ipv4_address_private": "10.133.0.3",
            "ipv6": false,
            "ipv6_address": "",
            "locked": false,
            "memory": 1024,
            "monitoring": false,
            "name": "web-0",
            "price_hourly": 0.00744,
            "price_monthly": 5,
            "private_networking": true,
            "region": "ams3",
            "resize_disk": true,
            "size": "s-1vcpu-1gb",
            "ssh_keys": [
              "33214328"
            ],
            "status": "active",
            "tags": null,
            "urn": "do:droplet:305665101",
            "user_data": null,
            "vcpus": 1,
            "volume_ids": [],
            "vpc_uuid": "b5904944-dc83-11e8-a3da-3cfdfea9f0d8"
          },
          "sensitive_attributes": [],
          "private": "eyJzY2hlbWFfdmVyc2lvbiI6IjEifQ==",
          "dependencies": [
            "data.digitalocean_ssh_key.jochem_berends_feb22"
          ]
        },
        {
          "index_key": 1,
          "status": "tainted",
          "schema_version": 1,
          "attributes": {
            "backups": false,
            "created_at": "2022-06-24T13:50:01Z",
            "disk": 25,
            "droplet_agent": null,
            "graceful_shutdown": false,
            "id": "305665156",
            "image": "ubuntu-18-04-x64",
            "ipv4_address": "157.245.73.238",
            "ipv4_address_private": "10.133.0.5",
            "ipv6": false,
            "ipv6_address": "",
            "locked": false,
            "memory": 1024,
            "monitoring": false,
            "name": "web-1",
            "price_hourly": 0.00744,
            "price_monthly": 5,
            "private_networking": true,
            "region": "ams3",
            "resize_disk": true,
            "size": "s-1vcpu-1gb",
            "ssh_keys": [
              "33214328"
            ],
            "status": "active",
            "tags": null,
            "urn": "do:droplet:305665156",
            "user_data": null,
            "vcpus": 1,
            "volume_ids": [],
            "vpc_uuid": "b5904944-dc83-11e8-a3da-3cfdfea9f0d8"
          },
          "sensitive_attributes": [],
          "private": "eyJzY2hlbWFfdmVyc2lvbiI6IjEifQ==",
          "dependencies": [
            "data.digitalocean_ssh_key.jochem_berends_feb22"
          ]
        },
        {
          "index_key": 2,
          "status": "tainted",
          "schema_version": 1,
          "attributes": {
            "backups": false,
            "created_at": "2022-06-24T13:49:51Z",
            "disk": 25,
            "droplet_agent": null,
            "graceful_shutdown": false,
            "id": "305665102",
            "image": "ubuntu-18-04-x64",
            "ipv4_address": "146.190.29.198",
            "ipv4_address_private": "10.133.0.4",
            "ipv6": false,
            "ipv6_address": "",
            "locked": false,
            "memory": 1024,
            "monitoring": false,
            "name": "web-2",
            "price_hourly": 0.00744,
            "price_monthly": 5,
            "private_networking": true,
            "region": "ams3",
            "resize_disk": true,
            "size": "s-1vcpu-1gb",
            "ssh_keys": [
              "33214328"
            ],
            "status": "active",
            "tags": null,
            "urn": "do:droplet:305665102",
            "user_data": null,
            "vcpus": 1,
            "volume_ids": [],
            "vpc_uuid": "b5904944-dc83-11e8-a3da-3cfdfea9f0d8"
          },
          "sensitive_attributes": [],
          "private": "eyJzY2hlbWFfdmVyc2lvbiI6IjEifQ==",
          "dependencies": [
            "data.digitalocean_ssh_key.jochem_berends_feb22"
          ]
        }
      ]
    }
  ]
}
